
Microsoft Visual Studio Solution File, Format Version 12.00
# Visual Studio 15
Project("{FAE04EC0-301F-11D3-BF4B-00C04F79EFBC}") = "Assembly-CSharp", "Assembly-CSharp.csproj", "{7ED2CA81-55EC-792B-5721-70DA507AD221}"
EndProject
Project("{FAE04EC0-301F-11D3-BF4B-00C04F79EFBC}") = "Assembly-CSharp-Editor", "Assembly-CSharp-Editor.csproj", "{A3EA5EC4-CB5E-DFA7-48A9-87289C692F39}"
EndProject
Global
	GlobalSection(SolutionConfigurationPlatforms) = preSolution
		Debug|Any CPU = Debug|Any CPU
		Release|Any CPU = Release|Any CPU
	EndGlobalSection
	GlobalSection(ProjectConfigurationPlatforms) = postSolution
		{7ED2CA81-55EC-792B-5721-70DA507AD221}.Debug|Any CPU.ActiveCfg = Debug|Any CPU
		{7ED2CA81-55EC-792B-5721-70DA507AD221}.Debug|Any CPU.Build.0 = Debug|Any CPU
		{7ED2CA81-55EC-792B-5721-70DA507AD221}.Release|Any CPU.ActiveCfg = Release|Any CPU
		{7ED2CA81-55EC-792B-5721-70DA507AD221}.Release|Any CPU.Build.0 = Release|Any CPU
		{A3EA5EC4-CB5E-DFA7-48A9-87289C692F39}.Debug|Any CPU.ActiveCfg = Debug|Any CPU
		{A3EA5EC4-CB5E-DFA7-48A9-87289C692F39}.Debug|Any CPU.Build.0 = Debug|Any CPU
		{A3EA5EC4-CB5E-DFA7-48A9-87289C692F39}.Release|Any CPU.ActiveCfg = Release|Any CPU
		{A3EA5EC4-CB5E-DFA7-48A9-87289C692F39}.Release|Any CPU.Build.0 = Release|Any CPU
	EndGlobalSection
	GlobalSection(SolutionProperties) = preSolution
		HideSolutionNode = FALSE
	EndGlobalSection
EndGlobal
